
Microsoft Visual Studio Solution File, Format Version 12.00
# Visual Studio Version 17
VisualStudioVersion = 17.10.35013.160
MinimumVisualStudioVersion = 10.0.40219.1
Project("{9A19103F-16F7-4668-BE54-9A1E7A4F7556}") = "DOO", "DOO.csproj", "{CD540D61-CF19-40B8-A01D-EB507D8B7292}"
EndProject
Project("{FAE04EC0-301F-11D3-BF4B-00C04F79EFBC}") = "DOO.Manager", "..\DOO.Manager\DOO.Manager.csproj", "{332BC62B-4ABB-411E-9B6F-40FEBBD47B41}"
EndProject
Project("{FAE04EC0-301F-11D3-BF4B-00C04F79EFBC}") = "DOO.Store", "..\DOO.Store\DOO.Store.csproj", "{C2F865EE-67A8-4198-80B6-8BE5C983444B}"
EndProject
Project("{FAE04EC0-301F-11D3-BF4B-00C04F79EFBC}") = "DOO.Common", "..\DOO.Common\DOO.Common.csproj", "{1A9D3A07-DCC3-4E2C-82AD-C9D2F46B1200}"
EndProject
Global
	GlobalSection(SolutionConfigurationPlatforms) = preSolution
		Debug|Any CPU = Debug|Any CPU
		Release|Any CPU = Release|Any CPU
	EndGlobalSection
	GlobalSection(ProjectConfigurationPlatforms) = postSolution
		{CD540D61-CF19-40B8-A01D-EB507D8B7292}.Debug|Any CPU.ActiveCfg = Debug|Any CPU
		{CD540D61-CF19-40B8-A01D-EB507D8B7292}.Debug|Any CPU.Build.0 = Debug|Any CPU
		{CD540D61-CF19-40B8-A01D-EB507D8B7292}.Release|Any CPU.ActiveCfg = Release|Any CPU
		{CD540D61-CF19-40B8-A01D-EB507D8B7292}.Release|Any CPU.Build.0 = Release|Any CPU
		{332BC62B-4ABB-411E-9B6F-40FEBBD47B41}.Debug|Any CPU.ActiveCfg = Debug|Any CPU
		{332BC62B-4ABB-411E-9B6F-40FEBBD47B41}.Debug|Any CPU.Build.0 = Debug|Any CPU
		{332BC62B-4ABB-411E-9B6F-40FEBBD47B41}.Release|Any CPU.ActiveCfg = Release|Any CPU
		{332BC62B-4ABB-411E-9B6F-40FEBBD47B41}.Release|Any CPU.Build.0 = Release|Any CPU
		{C2F865EE-67A8-4198-80B6-8BE5C983444B}.Debug|Any CPU.ActiveCfg = Debug|Any CPU
		{C2F865EE-67A8-4198-80B6-8BE5C983444B}.Debug|Any CPU.Build.0 = Debug|Any CPU
		{C2F865EE-67A8-4198-80B6-8BE5C983444B}.Release|Any CPU.ActiveCfg = Release|Any CPU
		{C2F865EE-67A8-4198-80B6-8BE5C983444B}.Release|Any CPU.Build.0 = Release|Any CPU
		{1A9D3A07-DCC3-4E2C-82AD-C9D2F46B1200}.Debug|Any CPU.ActiveCfg = Debug|Any CPU
		{1A9D3A07-DCC3-4E2C-82AD-C9D2F46B1200}.Debug|Any CPU.Build.0 = Debug|Any CPU
		{1A9D3A07-DCC3-4E2C-82AD-C9D2F46B1200}.Release|Any CPU.ActiveCfg = Release|Any CPU
		{1A9D3A07-DCC3-4E2C-82AD-C9D2F46B1200}.Release|Any CPU.Build.0 = Release|Any CPU
	EndGlobalSection
	GlobalSection(SolutionProperties) = preSolution
		HideSolutionNode = FALSE
	EndGlobalSection
	GlobalSection(ExtensibilityGlobals) = postSolution
		SolutionGuid = {7219CAD4-A894-4299-8A36-7BF7A322708B}
	EndGlobalSection
EndGlobal
