
Microsoft Visual Studio Solution File, Format Version 12.00
# Visual Studio Version 17
VisualStudioVersion = 17.10.35013.160
MinimumVisualStudioVersion = 10.0.40219.1
Project("{FAE04EC0-301F-11D3-BF4B-00C04F79EFBC}") = "DOO", "DOO.csproj", "{CD540D61-CF19-40B8-A01D-EB507D8B7292}"
EndProject
Global
	GlobalSection(SolutionConfigurationPlatforms) = preSolution
		Debug|Any CPU = Debug|Any CPU
		Release|Any CPU = Release|Any CPU
	EndGlobalSection
	GlobalSection(ProjectConfigurationPlatforms) = postSolution
		{CD540D61-CF19-40B8-A01D-EB507D8B7292}.Debug|Any CPU.ActiveCfg = Debug|Any CPU
		{CD540D61-CF19-40B8-A01D-EB507D8B7292}.Debug|Any CPU.Build.0 = Debug|Any CPU
		{CD540D61-CF19-40B8-A01D-EB507D8B7292}.Release|Any CPU.ActiveCfg = Release|Any CPU
		{CD540D61-CF19-40B8-A01D-EB507D8B7292}.Release|Any CPU.Build.0 = Release|Any CPU
	EndGlobalSection
	GlobalSection(SolutionProperties) = preSolution
		HideSolutionNode = FALSE
	EndGlobalSection
	GlobalSection(ExtensibilityGlobals) = postSolution
		SolutionGuid = {7219CAD4-A894-4299-8A36-7BF7A322708B}
	EndGlobalSection
EndGlobal
